
Microsoft Visual Studio Solution File, Format Version 12.00
# Visual Studio Version 17
VisualStudioVersion = 17.14.36811.4 d17.14
MinimumVisualStudioVersion = 10.0.40219.1
Project("{FAE04EC0-301F-11D3-BF4B-00C04F79EFBC}") = "Backend API", "Backend API.csproj", "{AEAE5B92-20EA-43BC-B156-36687D36B53B}"
EndProject
Global
	GlobalSection(SolutionConfigurationPlatforms) = preSolution
		Debug|Any CPU = Debug|Any CPU
		Release|Any CPU = Release|Any CPU
	EndGlobalSection
	GlobalSection(ProjectConfigurationPlatforms) = postSolution
		{AEAE5B92-20EA-43BC-B156-36687D36B53B}.Debug|Any CPU.ActiveCfg = Debug|Any CPU
		{AEAE5B92-20EA-43BC-B156-36687D36B53B}.Debug|Any CPU.Build.0 = Debug|Any CPU
		{AEAE5B92-20EA-43BC-B156-36687D36B53B}.Release|Any CPU.ActiveCfg = Release|Any CPU
		{AEAE5B92-20EA-43BC-B156-36687D36B53B}.Release|Any CPU.Build.0 = Release|Any CPU
	EndGlobalSection
	GlobalSection(SolutionProperties) = preSolution
		HideSolutionNode = FALSE
	EndGlobalSection
	GlobalSection(ExtensibilityGlobals) = postSolution
		SolutionGuid = {C98ABBD9-77A3-4DAC-8790-750A52EA9379}
	EndGlobalSection
EndGlobal
